
Microsoft Visual Studio Solution File, Format Version 12.00
# Visual Studio 2013
VisualStudioVersion = 12.0.21005.1
MinimumVisualStudioVersion = 10.0.40219.1
Project("{FAE04EC0-301F-11D3-BF4B-00C04F79EFBC}") = "ModelNamer", "ModelNamer\ModelNamer.csproj", "{D6610849-5D22-4CA1-A429-0D189D2464DA}"
EndProject
Project("{FAE04EC0-301F-11D3-BF4B-00C04F79EFBC}") = "XNAViewer", "XNAViewer\XNAViewer.csproj", "{2322D7CC-4767-45B4-92F7-B7ED18D3658E}"
EndProject
Project("{FAE04EC0-301F-11D3-BF4B-00C04F79EFBC}") = "XNAPointViewerContent", "XNAPointViewerContent\XNAPointViewerContent\XNAPointViewerContent.csproj", "{BE9D17B0-7EC8-45F3-BE9F-A0ABA582D902}"
EndProject
Project("{96E2B04D-8817-42C6-938A-82C39BA4D311}") = "XNAPointViewerContentContent", "XNAPointViewerContent\XNAPointViewerContentContent\XNAPointViewerContentContent.contentproj", "{D8569E00-B5AC-4C79-A0AF-74D46D012C36}"
EndProject
Global
	GlobalSection(SolutionConfigurationPlatforms) = preSolution
		Android|Any CPU = Android|Any CPU
		Android|Mixed Platforms = Android|Mixed Platforms
		Android|x86 = Android|x86
		Debug|Any CPU = Debug|Any CPU
		Debug|Mixed Platforms = Debug|Mixed Platforms
		Debug|x86 = Debug|x86
		iOS|Any CPU = iOS|Any CPU
		iOS|Mixed Platforms = iOS|Mixed Platforms
		iOS|x86 = iOS|x86
		Linux|Any CPU = Linux|Any CPU
		Linux|Mixed Platforms = Linux|Mixed Platforms
		Linux|x86 = Linux|x86
		OSX|Any CPU = OSX|Any CPU
		OSX|Mixed Platforms = OSX|Mixed Platforms
		OSX|x86 = OSX|x86
		PSM|Any CPU = PSM|Any CPU
		PSM|Mixed Platforms = PSM|Mixed Platforms
		PSM|x86 = PSM|x86
		Release|Any CPU = Release|Any CPU
		Release|Mixed Platforms = Release|Mixed Platforms
		Release|x86 = Release|x86
		Windows|Any CPU = Windows|Any CPU
		Windows|Mixed Platforms = Windows|Mixed Platforms
		Windows|x86 = Windows|x86
		Windows8|Any CPU = Windows8|Any CPU
		Windows8|Mixed Platforms = Windows8|Mixed Platforms
		Windows8|x86 = Windows8|x86
	EndGlobalSection
	GlobalSection(ProjectConfigurationPlatforms) = postSolution
		{D6610849-5D22-4CA1-A429-0D189D2464DA}.Android|Any CPU.ActiveCfg = Release|x86
		{D6610849-5D22-4CA1-A429-0D189D2464DA}.Android|Mixed Platforms.ActiveCfg = Release|x86
		{D6610849-5D22-4CA1-A429-0D189D2464DA}.Android|Mixed Platforms.Build.0 = Release|x86
		{D6610849-5D22-4CA1-A429-0D189D2464DA}.Android|x86.ActiveCfg = Release|x86
		{D6610849-5D22-4CA1-A429-0D189D2464DA}.Android|x86.Build.0 = Release|x86
		{D6610849-5D22-4CA1-A429-0D189D2464DA}.Debug|Any CPU.ActiveCfg = Debug|x86
		{D6610849-5D22-4CA1-A429-0D189D2464DA}.Debug|Mixed Platforms.ActiveCfg = Debug|x86
		{D6610849-5D22-4CA1-A429-0D189D2464DA}.Debug|Mixed Platforms.Build.0 = Debug|x86
		{D6610849-5D22-4CA1-A429-0D189D2464DA}.Debug|x86.ActiveCfg = Debug|x86
		{D6610849-5D22-4CA1-A429-0D189D2464DA}.Debug|x86.Build.0 = Debug|x86
		{D6610849-5D22-4CA1-A429-0D189D2464DA}.iOS|Any CPU.ActiveCfg = Release|x86
		{D6610849-5D22-4CA1-A429-0D189D2464DA}.iOS|Mixed Platforms.ActiveCfg = Release|x86
		{D6610849-5D22-4CA1-A429-0D189D2464DA}.iOS|Mixed Platforms.Build.0 = Release|x86
		{D6610849-5D22-4CA1-A429-0D189D2464DA}.iOS|x86.ActiveCfg = Release|x86
		{D6610849-5D22-4CA1-A429-0D189D2464DA}.iOS|x86.Build.0 = Release|x86
		{D6610849-5D22-4CA1-A429-0D189D2464DA}.Linux|Any CPU.ActiveCfg = Release|x86
		{D6610849-5D22-4CA1-A429-0D189D2464DA}.Linux|Mixed Platforms.ActiveCfg = Release|x86
		{D6610849-5D22-4CA1-A429-0D189D2464DA}.Linux|Mixed Platforms.Build.0 = Release|x86
		{D6610849-5D22-4CA1-A429-0D189D2464DA}.Linux|x86.ActiveCfg = Release|x86
		{D6610849-5D22-4CA1-A429-0D189D2464DA}.Linux|x86.Build.0 = Release|x86
		{D6610849-5D22-4CA1-A429-0D189D2464DA}.OSX|Any CPU.ActiveCfg = Release|x86
		{D6610849-5D22-4CA1-A429-0D189D2464DA}.OSX|Mixed Platforms.ActiveCfg = Release|x86
		{D6610849-5D22-4CA1-A429-0D189D2464DA}.OSX|Mixed Platforms.Build.0 = Release|x86
		{D6610849-5D22-4CA1-A429-0D189D2464DA}.OSX|x86.ActiveCfg = Release|x86
		{D6610849-5D22-4CA1-A429-0D189D2464DA}.OSX|x86.Build.0 = Release|x86
		{D6610849-5D22-4CA1-A429-0D189D2464DA}.PSM|Any CPU.ActiveCfg = Release|x86
		{D6610849-5D22-4CA1-A429-0D189D2464DA}.PSM|Mixed Platforms.ActiveCfg = Release|x86
		{D6610849-5D22-4CA1-A429-0D189D2464DA}.PSM|Mixed Platforms.Build.0 = Release|x86
		{D6610849-5D22-4CA1-A429-0D189D2464DA}.PSM|x86.ActiveCfg = Release|x86
		{D6610849-5D22-4CA1-A429-0D189D2464DA}.PSM|x86.Build.0 = Release|x86
		{D6610849-5D22-4CA1-A429-0D189D2464DA}.Release|Any CPU.ActiveCfg = Release|x86
		{D6610849-5D22-4CA1-A429-0D189D2464DA}.Release|Mixed Platforms.ActiveCfg = Release|x86
		{D6610849-5D22-4CA1-A429-0D189D2464DA}.Release|Mixed Platforms.Build.0 = Release|x86
		{D6610849-5D22-4CA1-A429-0D189D2464DA}.Release|x86.ActiveCfg = Release|x86
		{D6610849-5D22-4CA1-A429-0D189D2464DA}.Release|x86.Build.0 = Release|x86
		{D6610849-5D22-4CA1-A429-0D189D2464DA}.Windows|Any CPU.ActiveCfg = Release|x86
		{D6610849-5D22-4CA1-A429-0D189D2464DA}.Windows|Mixed Platforms.ActiveCfg = Release|x86
		{D6610849-5D22-4CA1-A429-0D189D2464DA}.Windows|Mixed Platforms.Build.0 = Release|x86
		{D6610849-5D22-4CA1-A429-0D189D2464DA}.Windows|x86.ActiveCfg = Release|x86
		{D6610849-5D22-4CA1-A429-0D189D2464DA}.Windows|x86.Build.0 = Release|x86
		{D6610849-5D22-4CA1-A429-0D189D2464DA}.Windows8|Any CPU.ActiveCfg = Release|x86
		{D6610849-5D22-4CA1-A429-0D189D2464DA}.Windows8|Mixed Platforms.ActiveCfg = Release|x86
		{D6610849-5D22-4CA1-A429-0D189D2464DA}.Windows8|Mixed Platforms.Build.0 = Release|x86
		{D6610849-5D22-4CA1-A429-0D189D2464DA}.Windows8|x86.ActiveCfg = Release|x86
		{D6610849-5D22-4CA1-A429-0D189D2464DA}.Windows8|x86.Build.0 = Release|x86
		{2322D7CC-4767-45B4-92F7-B7ED18D3658E}.Android|Any CPU.ActiveCfg = Release|x86
		{2322D7CC-4767-45B4-92F7-B7ED18D3658E}.Android|Mixed Platforms.ActiveCfg = Release|x86
		{2322D7CC-4767-45B4-92F7-B7ED18D3658E}.Android|Mixed Platforms.Build.0 = Release|x86
		{2322D7CC-4767-45B4-92F7-B7ED18D3658E}.Android|x86.ActiveCfg = Release|x86
		{2322D7CC-4767-45B4-92F7-B7ED18D3658E}.Android|x86.Build.0 = Release|x86
		{2322D7CC-4767-45B4-92F7-B7ED18D3658E}.Debug|Any CPU.ActiveCfg = Debug|x86
		{2322D7CC-4767-45B4-92F7-B7ED18D3658E}.Debug|Mixed Platforms.ActiveCfg = Debug|x86
		{2322D7CC-4767-45B4-92F7-B7ED18D3658E}.Debug|Mixed Platforms.Build.0 = Debug|x86
		{2322D7CC-4767-45B4-92F7-B7ED18D3658E}.Debug|x86.ActiveCfg = Debug|x86
		{2322D7CC-4767-45B4-92F7-B7ED18D3658E}.Debug|x86.Build.0 = Debug|x86
		{2322D7CC-4767-45B4-92F7-B7ED18D3658E}.iOS|Any CPU.ActiveCfg = Release|x86
		{2322D7CC-4767-45B4-92F7-B7ED18D3658E}.iOS|Mixed Platforms.ActiveCfg = Release|x86
		{2322D7CC-4767-45B4-92F7-B7ED18D3658E}.iOS|Mixed Platforms.Build.0 = Release|x86
		{2322D7CC-4767-45B4-92F7-B7ED18D3658E}.iOS|x86.ActiveCfg = Release|x86
		{2322D7CC-4767-45B4-92F7-B7ED18D3658E}.iOS|x86.Build.0 = Release|x86
		{2322D7CC-4767-45B4-92F7-B7ED18D3658E}.Linux|Any CPU.ActiveCfg = Release|x86
		{2322D7CC-4767-45B4-92F7-B7ED18D3658E}.Linux|Mixed Platforms.ActiveCfg = Release|x86
		{2322D7CC-4767-45B4-92F7-B7ED18D3658E}.Linux|Mixed Platforms.Build.0 = Release|x86
		{2322D7CC-4767-45B4-92F7-B7ED18D3658E}.Linux|x86.ActiveCfg = Release|x86
		{2322D7CC-4767-45B4-92F7-B7ED18D3658E}.Linux|x86.Build.0 = Release|x86
		{2322D7CC-4767-45B4-92F7-B7ED18D3658E}.OSX|Any CPU.ActiveCfg = Release|x86
		{2322D7CC-4767-45B4-92F7-B7ED18D3658E}.OSX|Mixed Platforms.ActiveCfg = Release|x86
		{2322D7CC-4767-45B4-92F7-B7ED18D3658E}.OSX|Mixed Platforms.Build.0 = Release|x86
		{2322D7CC-4767-45B4-92F7-B7ED18D3658E}.OSX|x86.ActiveCfg = Release|x86
		{2322D7CC-4767-45B4-92F7-B7ED18D3658E}.OSX|x86.Build.0 = Release|x86
		{2322D7CC-4767-45B4-92F7-B7ED18D3658E}.PSM|Any CPU.ActiveCfg = Release|x86
		{2322D7CC-4767-45B4-92F7-B7ED18D3658E}.PSM|Mixed Platforms.ActiveCfg = Release|x86
		{2322D7CC-4767-45B4-92F7-B7ED18D3658E}.PSM|Mixed Platforms.Build.0 = Release|x86
		{2322D7CC-4767-45B4-92F7-B7ED18D3658E}.PSM|x86.ActiveCfg = Release|x86
		{2322D7CC-4767-45B4-92F7-B7ED18D3658E}.PSM|x86.Build.0 = Release|x86
		{2322D7CC-4767-45B4-92F7-B7ED18D3658E}.Release|Any CPU.ActiveCfg = Release|x86
		{2322D7CC-4767-45B4-92F7-B7ED18D3658E}.Release|Mixed Platforms.ActiveCfg = Release|x86
		{2322D7CC-4767-45B4-92F7-B7ED18D3658E}.Release|Mixed Platforms.Build.0 = Release|x86
		{2322D7CC-4767-45B4-92F7-B7ED18D3658E}.Release|x86.ActiveCfg = Release|x86
		{2322D7CC-4767-45B4-92F7-B7ED18D3658E}.Release|x86.Build.0 = Release|x86
		{2322D7CC-4767-45B4-92F7-B7ED18D3658E}.Windows|Any CPU.ActiveCfg = Release|x86
		{2322D7CC-4767-45B4-92F7-B7ED18D3658E}.Windows|Mixed Platforms.ActiveCfg = Release|x86
		{2322D7CC-4767-45B4-92F7-B7ED18D3658E}.Windows|Mixed Platforms.Build.0 = Release|x86
		{2322D7CC-4767-45B4-92F7-B7ED18D3658E}.Windows|x86.ActiveCfg = Release|x86
		{2322D7CC-4767-45B4-92F7-B7ED18D3658E}.Windows|x86.Build.0 = Release|x86
		{2322D7CC-4767-45B4-92F7-B7ED18D3658E}.Windows8|Any CPU.ActiveCfg = Release|x86
		{2322D7CC-4767-45B4-92F7-B7ED18D3658E}.Windows8|Mixed Platforms.ActiveCfg = Release|x86
		{2322D7CC-4767-45B4-92F7-B7ED18D3658E}.Windows8|Mixed Platforms.Build.0 = Release|x86
		{2322D7CC-4767-45B4-92F7-B7ED18D3658E}.Windows8|x86.ActiveCfg = Release|x86
		{2322D7CC-4767-45B4-92F7-B7ED18D3658E}.Windows8|x86.Build.0 = Release|x86
		{BE9D17B0-7EC8-45F3-BE9F-A0ABA582D902}.Android|Any CPU.ActiveCfg = Android|Any CPU
		{BE9D17B0-7EC8-45F3-BE9F-A0ABA582D902}.Android|Any CPU.Build.0 = Android|Any CPU
		{BE9D17B0-7EC8-45F3-BE9F-A0ABA582D902}.Android|Mixed Platforms.ActiveCfg = Android|Any CPU
		{BE9D17B0-7EC8-45F3-BE9F-A0ABA582D902}.Android|Mixed Platforms.Build.0 = Android|Any CPU
		{BE9D17B0-7EC8-45F3-BE9F-A0ABA582D902}.Android|x86.ActiveCfg = Android|Any CPU
		{BE9D17B0-7EC8-45F3-BE9F-A0ABA582D902}.Debug|Any CPU.ActiveCfg = PSM|Any CPU
		{BE9D17B0-7EC8-45F3-BE9F-A0ABA582D902}.Debug|Any CPU.Build.0 = PSM|Any CPU
		{BE9D17B0-7EC8-45F3-BE9F-A0ABA582D902}.Debug|Mixed Platforms.ActiveCfg = PSM|Any CPU
		{BE9D17B0-7EC8-45F3-BE9F-A0ABA582D902}.Debug|Mixed Platforms.Build.0 = PSM|Any CPU
		{BE9D17B0-7EC8-45F3-BE9F-A0ABA582D902}.Debug|x86.ActiveCfg = PSM|Any CPU
		{BE9D17B0-7EC8-45F3-BE9F-A0ABA582D902}.iOS|Any CPU.ActiveCfg = iOS|Any CPU
		{BE9D17B0-7EC8-45F3-BE9F-A0ABA582D902}.iOS|Any CPU.Build.0 = iOS|Any CPU
		{BE9D17B0-7EC8-45F3-BE9F-A0ABA582D902}.iOS|Mixed Platforms.ActiveCfg = iOS|Any CPU
		{BE9D17B0-7EC8-45F3-BE9F-A0ABA582D902}.iOS|Mixed Platforms.Build.0 = iOS|Any CPU
		{BE9D17B0-7EC8-45F3-BE9F-A0ABA582D902}.iOS|x86.ActiveCfg = iOS|Any CPU
		{BE9D17B0-7EC8-45F3-BE9F-A0ABA582D902}.Linux|Any CPU.ActiveCfg = Linux|Any CPU
		{BE9D17B0-7EC8-45F3-BE9F-A0ABA582D902}.Linux|Any CPU.Build.0 = Linux|Any CPU
		{BE9D17B0-7EC8-45F3-BE9F-A0ABA582D902}.Linux|Mixed Platforms.ActiveCfg = Linux|Any CPU
		{BE9D17B0-7EC8-45F3-BE9F-A0ABA582D902}.Linux|Mixed Platforms.Build.0 = Linux|Any CPU
		{BE9D17B0-7EC8-45F3-BE9F-A0ABA582D902}.Linux|x86.ActiveCfg = Linux|Any CPU
		{BE9D17B0-7EC8-45F3-BE9F-A0ABA582D902}.OSX|Any CPU.ActiveCfg = OSX|Any CPU
		{BE9D17B0-7EC8-45F3-BE9F-A0ABA582D902}.OSX|Any CPU.Build.0 = OSX|Any CPU
		{BE9D17B0-7EC8-45F3-BE9F-A0ABA582D902}.OSX|Mixed Platforms.ActiveCfg = OSX|Any CPU
		{BE9D17B0-7EC8-45F3-BE9F-A0ABA582D902}.OSX|Mixed Platforms.Build.0 = OSX|Any CPU
		{BE9D17B0-7EC8-45F3-BE9F-A0ABA582D902}.OSX|x86.ActiveCfg = OSX|Any CPU
		{BE9D17B0-7EC8-45F3-BE9F-A0ABA582D902}.PSM|Any CPU.ActiveCfg = PSM|Any CPU
		{BE9D17B0-7EC8-45F3-BE9F-A0ABA582D902}.PSM|Any CPU.Build.0 = PSM|Any CPU
		{BE9D17B0-7EC8-45F3-BE9F-A0ABA582D902}.PSM|Mixed Platforms.ActiveCfg = PSM|Any CPU
		{BE9D17B0-7EC8-45F3-BE9F-A0ABA582D902}.PSM|Mixed Platforms.Build.0 = PSM|Any CPU
		{BE9D17B0-7EC8-45F3-BE9F-A0ABA582D902}.PSM|x86.ActiveCfg = PSM|Any CPU
		{BE9D17B0-7EC8-45F3-BE9F-A0ABA582D902}.Release|Any CPU.ActiveCfg = PSM|Any CPU
		{BE9D17B0-7EC8-45F3-BE9F-A0ABA582D902}.Release|Any CPU.Build.0 = PSM|Any CPU
		{BE9D17B0-7EC8-45F3-BE9F-A0ABA582D902}.Release|Mixed Platforms.ActiveCfg = PSM|Any CPU
		{BE9D17B0-7EC8-45F3-BE9F-A0ABA582D902}.Release|Mixed Platforms.Build.0 = PSM|Any CPU
		{BE9D17B0-7EC8-45F3-BE9F-A0ABA582D902}.Release|x86.ActiveCfg = PSM|Any CPU
		{BE9D17B0-7EC8-45F3-BE9F-A0ABA582D902}.Windows|Any CPU.ActiveCfg = Windows|Any CPU
		{BE9D17B0-7EC8-45F3-BE9F-A0ABA582D902}.Windows|Any CPU.Build.0 = Windows|Any CPU
		{BE9D17B0-7EC8-45F3-BE9F-A0ABA582D902}.Windows|Mixed Platforms.ActiveCfg = Windows|Any CPU
		{BE9D17B0-7EC8-45F3-BE9F-A0ABA582D902}.Windows|Mixed Platforms.Build.0 = Windows|Any CPU
		{BE9D17B0-7EC8-45F3-BE9F-A0ABA582D902}.Windows|x86.ActiveCfg = Windows|Any CPU
		{BE9D17B0-7EC8-45F3-BE9F-A0ABA582D902}.Windows8|Any CPU.ActiveCfg = Windows8|Any CPU
		{BE9D17B0-7EC8-45F3-BE9F-A0ABA582D902}.Windows8|Any CPU.Build.0 = Windows8|Any CPU
		{BE9D17B0-7EC8-45F3-BE9F-A0ABA582D902}.Windows8|Mixed Platforms.ActiveCfg = Windows8|Any CPU
		{BE9D17B0-7EC8-45F3-BE9F-A0ABA582D902}.Windows8|Mixed Platforms.Build.0 = Windows8|Any CPU
		{BE9D17B0-7EC8-45F3-BE9F-A0ABA582D902}.Windows8|x86.ActiveCfg = Windows8|Any CPU
		{D8569E00-B5AC-4C79-A0AF-74D46D012C36}.Android|Any CPU.ActiveCfg = Android|Any CPU
		{D8569E00-B5AC-4C79-A0AF-74D46D012C36}.Android|Mixed Platforms.ActiveCfg = Android|Any CPU
		{D8569E00-B5AC-4C79-A0AF-74D46D012C36}.Android|x86.ActiveCfg = Android|Any CPU
		{D8569E00-B5AC-4C79-A0AF-74D46D012C36}.Debug|Any CPU.ActiveCfg = PSM|Any CPU
		{D8569E00-B5AC-4C79-A0AF-74D46D012C36}.Debug|Mixed Platforms.ActiveCfg = PSM|Any CPU
		{D8569E00-B5AC-4C79-A0AF-74D46D012C36}.Debug|x86.ActiveCfg = PSM|Any CPU
		{D8569E00-B5AC-4C79-A0AF-74D46D012C36}.iOS|Any CPU.ActiveCfg = iOS|Any CPU
		{D8569E00-B5AC-4C79-A0AF-74D46D012C36}.iOS|Mixed Platforms.ActiveCfg = iOS|Any CPU
		{D8569E00-B5AC-4C79-A0AF-74D46D012C36}.iOS|x86.ActiveCfg = iOS|Any CPU
		{D8569E00-B5AC-4C79-A0AF-74D46D012C36}.Linux|Any CPU.ActiveCfg = Linux|Any CPU
		{D8569E00-B5AC-4C79-A0AF-74D46D012C36}.Linux|Mixed Platforms.ActiveCfg = Linux|Any CPU
		{D8569E00-B5AC-4C79-A0AF-74D46D012C36}.Linux|x86.ActiveCfg = Linux|Any CPU
		{D8569E00-B5AC-4C79-A0AF-74D46D012C36}.OSX|Any CPU.ActiveCfg = OSX|Any CPU
		{D8569E00-B5AC-4C79-A0AF-74D46D012C36}.OSX|Mixed Platforms.ActiveCfg = OSX|Any CPU
		{D8569E00-B5AC-4C79-A0AF-74D46D012C36}.OSX|x86.ActiveCfg = OSX|Any CPU
		{D8569E00-B5AC-4C79-A0AF-74D46D012C36}.PSM|Any CPU.ActiveCfg = PSM|Any CPU
		{D8569E00-B5AC-4C79-A0AF-74D46D012C36}.PSM|Mixed Platforms.ActiveCfg = PSM|Any CPU
		{D8569E00-B5AC-4C79-A0AF-74D46D012C36}.PSM|x86.ActiveCfg = PSM|Any CPU
		{D8569E00-B5AC-4C79-A0AF-74D46D012C36}.Release|Any CPU.ActiveCfg = PSM|Any CPU
		{D8569E00-B5AC-4C79-A0AF-74D46D012C36}.Release|Mixed Platforms.ActiveCfg = PSM|Any CPU
		{D8569E00-B5AC-4C79-A0AF-74D46D012C36}.Release|x86.ActiveCfg = PSM|Any CPU
		{D8569E00-B5AC-4C79-A0AF-74D46D012C36}.Windows|Any CPU.ActiveCfg = Windows|Any CPU
		{D8569E00-B5AC-4C79-A0AF-74D46D012C36}.Windows|Mixed Platforms.ActiveCfg = Windows|Any CPU
		{D8569E00-B5AC-4C79-A0AF-74D46D012C36}.Windows|x86.ActiveCfg = Windows|Any CPU
		{D8569E00-B5AC-4C79-A0AF-74D46D012C36}.Windows8|Any CPU.ActiveCfg = Windows8|Any CPU
		{D8569E00-B5AC-4C79-A0AF-74D46D012C36}.Windows8|Mixed Platforms.ActiveCfg = Windows8|Any CPU
		{D8569E00-B5AC-4C79-A0AF-74D46D012C36}.Windows8|x86.ActiveCfg = Windows8|Any CPU
	EndGlobalSection
	GlobalSection(SolutionProperties) = preSolution
		HideSolutionNode = FALSE
	EndGlobalSection
	GlobalSection(Performance) = preSolution
		HasPerformanceSessions = true
	EndGlobalSection
EndGlobal
