
Microsoft Visual Studio Solution File, Format Version 11.00
# Visual Studio 2010
Project("{FAE04EC0-301F-11D3-BF4B-00C04F79EFBC}") = "Assembly-CSharp", "Assembly-CSharp.csproj", "{4051c099-a2b9-3717-377e-0b0523e2be1d}"
EndProject
Project("{FAE04EC0-301F-11D3-BF4B-00C04F79EFBC}") = "Assembly-CSharp-Editor", "Assembly-CSharp-Editor.csproj", "{58eea00a-12b3-0a9e-dc3d-1436e7dbfd61}"
EndProject
Project("{FAE04EC0-301F-11D3-BF4B-00C04F79EFBC}") = "Unity.RenderPipelines.Universal.Config.Editor.Tests", "Unity.RenderPipelines.Universal.Config.Editor.Tests.csproj", "{322afec7-026a-d4cd-1234-8c2e9da03f99}"
EndProject
Project("{FAE04EC0-301F-11D3-BF4B-00C04F79EFBC}") = "Unity.RenderPipelines.Universal.Config.Runtime", "Unity.RenderPipelines.Universal.Config.Runtime.csproj", "{1c057e3c-0590-a4fb-e0ef-74474f5f4396}"
EndProject
Global
	GlobalSection(SolutionConfigurationPlatforms) = preSolution
		Debug|Any CPU = Debug|Any CPU
	EndGlobalSection
	GlobalSection(ProjectConfigurationPlatforms) = postSolution
		{4051c099-a2b9-3717-377e-0b0523e2be1d}.Debug|Any CPU.ActiveCfg = Debug|Any CPU
		{4051c099-a2b9-3717-377e-0b0523e2be1d}.Debug|Any CPU.Build.0 = Debug|Any CPU
		{58eea00a-12b3-0a9e-dc3d-1436e7dbfd61}.Debug|Any CPU.ActiveCfg = Debug|Any CPU
		{58eea00a-12b3-0a9e-dc3d-1436e7dbfd61}.Debug|Any CPU.Build.0 = Debug|Any CPU
		{322afec7-026a-d4cd-1234-8c2e9da03f99}.Debug|Any CPU.ActiveCfg = Debug|Any CPU
		{322afec7-026a-d4cd-1234-8c2e9da03f99}.Debug|Any CPU.Build.0 = Debug|Any CPU
		{1c057e3c-0590-a4fb-e0ef-74474f5f4396}.Debug|Any CPU.ActiveCfg = Debug|Any CPU
		{1c057e3c-0590-a4fb-e0ef-74474f5f4396}.Debug|Any CPU.Build.0 = Debug|Any CPU
	EndGlobalSection
	GlobalSection(SolutionProperties) = preSolution
		HideSolutionNode = FALSE
	EndGlobalSection
EndGlobal
