
Microsoft Visual Studio Solution File, Format Version 12.00
# Visual Studio Version 17
VisualStudioVersion = 17.5.33516.290
MinimumVisualStudioVersion = 10.0.40219.1
Project("{FAE04EC0-301F-11D3-BF4B-00C04F79EFBC}") = "Assembly-CSharp", "Assembly-CSharp.csproj", "{99C05140-B9A2-1737-377E-0B0523E2BE1D}"
EndProject
Project("{FAE04EC0-301F-11D3-BF4B-00C04F79EFBC}") = "Parabox.Stl.Test", "Parabox.Stl.Test.csproj", "{E258A65C-FE6E-ECA7-09E5-D2246EBC7DE1}"
EndProject
Project("{FAE04EC0-301F-11D3-BF4B-00C04F79EFBC}") = "Parabox.Stl", "Parabox.Stl.csproj", "{4C091430-E7B7-EFC0-486A-2A9C5434210C}"
EndProject
Project("{FAE04EC0-301F-11D3-BF4B-00C04F79EFBC}") = "Assembly-CSharp-Editor", "Assembly-CSharp-Editor.csproj", "{0AA0EE58-B312-9E0A-DC3D-1436E7DBFD61}"
EndProject
Project("{FAE04EC0-301F-11D3-BF4B-00C04F79EFBC}") = "Parabox.Stl.Editor", "Parabox.Stl.Editor.csproj", "{10FF6186-6491-5C7C-0B47-1B0A251A00BB}"
EndProject
Global
	GlobalSection(SolutionConfigurationPlatforms) = preSolution
		Debug|Any CPU = Debug|Any CPU
		Release|Any CPU = Release|Any CPU
	EndGlobalSection
	GlobalSection(ProjectConfigurationPlatforms) = postSolution
		{99C05140-B9A2-1737-377E-0B0523E2BE1D}.Debug|Any CPU.ActiveCfg = Debug|Any CPU
		{99C05140-B9A2-1737-377E-0B0523E2BE1D}.Debug|Any CPU.Build.0 = Debug|Any CPU
		{99C05140-B9A2-1737-377E-0B0523E2BE1D}.Release|Any CPU.ActiveCfg = Release|Any CPU
		{99C05140-B9A2-1737-377E-0B0523E2BE1D}.Release|Any CPU.Build.0 = Release|Any CPU
		{E258A65C-FE6E-ECA7-09E5-D2246EBC7DE1}.Debug|Any CPU.ActiveCfg = Debug|Any CPU
		{E258A65C-FE6E-ECA7-09E5-D2246EBC7DE1}.Debug|Any CPU.Build.0 = Debug|Any CPU
		{E258A65C-FE6E-ECA7-09E5-D2246EBC7DE1}.Release|Any CPU.ActiveCfg = Release|Any CPU
		{E258A65C-FE6E-ECA7-09E5-D2246EBC7DE1}.Release|Any CPU.Build.0 = Release|Any CPU
		{4C091430-E7B7-EFC0-486A-2A9C5434210C}.Debug|Any CPU.ActiveCfg = Debug|Any CPU
		{4C091430-E7B7-EFC0-486A-2A9C5434210C}.Debug|Any CPU.Build.0 = Debug|Any CPU
		{4C091430-E7B7-EFC0-486A-2A9C5434210C}.Release|Any CPU.ActiveCfg = Release|Any CPU
		{4C091430-E7B7-EFC0-486A-2A9C5434210C}.Release|Any CPU.Build.0 = Release|Any CPU
		{0AA0EE58-B312-9E0A-DC3D-1436E7DBFD61}.Debug|Any CPU.ActiveCfg = Debug|Any CPU
		{0AA0EE58-B312-9E0A-DC3D-1436E7DBFD61}.Debug|Any CPU.Build.0 = Debug|Any CPU
		{0AA0EE58-B312-9E0A-DC3D-1436E7DBFD61}.Release|Any CPU.ActiveCfg = Release|Any CPU
		{0AA0EE58-B312-9E0A-DC3D-1436E7DBFD61}.Release|Any CPU.Build.0 = Release|Any CPU
		{10FF6186-6491-5C7C-0B47-1B0A251A00BB}.Debug|Any CPU.ActiveCfg = Debug|Any CPU
		{10FF6186-6491-5C7C-0B47-1B0A251A00BB}.Debug|Any CPU.Build.0 = Debug|Any CPU
		{10FF6186-6491-5C7C-0B47-1B0A251A00BB}.Release|Any CPU.ActiveCfg = Release|Any CPU
		{10FF6186-6491-5C7C-0B47-1B0A251A00BB}.Release|Any CPU.Build.0 = Release|Any CPU
	EndGlobalSection
	GlobalSection(SolutionProperties) = preSolution
		HideSolutionNode = FALSE
	EndGlobalSection
EndGlobal
