
Microsoft Visual Studio Solution File, Format Version 12.00
# Visual Studio Version 17
VisualStudioVersion = 17.3.32901.215
MinimumVisualStudioVersion = 10.0.40219.1
Project("{FAE04EC0-301F-11D3-BF4B-00C04F79EFBC}") = "Solutions", "Solutions\Solutions.csproj", "{370E6A08-6CB5-4A96-B822-B51DB1AA9008}"
EndProject
Global
	GlobalSection(SolutionConfigurationPlatforms) = preSolution
		Debug|Any CPU = Debug|Any CPU
		Release|Any CPU = Release|Any CPU
	EndGlobalSection
	GlobalSection(ProjectConfigurationPlatforms) = postSolution
		{370E6A08-6CB5-4A96-B822-B51DB1AA9008}.Debug|Any CPU.ActiveCfg = Debug|Any CPU
		{370E6A08-6CB5-4A96-B822-B51DB1AA9008}.Debug|Any CPU.Build.0 = Debug|Any CPU
		{370E6A08-6CB5-4A96-B822-B51DB1AA9008}.Release|Any CPU.ActiveCfg = Release|Any CPU
		{370E6A08-6CB5-4A96-B822-B51DB1AA9008}.Release|Any CPU.Build.0 = Release|Any CPU
	EndGlobalSection
	GlobalSection(SolutionProperties) = preSolution
		HideSolutionNode = FALSE
	EndGlobalSection
	GlobalSection(ExtensibilityGlobals) = postSolution
		SolutionGuid = {4FDB9800-CFA4-45F8-A367-80A2638FDBC6}
	EndGlobalSection
EndGlobal
