
Microsoft Visual Studio Solution File, Format Version 12.00
# Visual Studio Version 17
VisualStudioVersion = 17.5.33516.290
MinimumVisualStudioVersion = 10.0.40219.1
Project("{FAE04EC0-301F-11D3-BF4B-00C04F79EFBC}") = "GameCubeModelReader", "GameCubeModelReader.csproj", "{06B24BC6-1E63-4B7D-AB27-47B4ADE311C9}"
EndProject
Global
	GlobalSection(SolutionConfigurationPlatforms) = preSolution
		Debug|Any CPU = Debug|Any CPU
		Release|Any CPU = Release|Any CPU
	EndGlobalSection
	GlobalSection(ProjectConfigurationPlatforms) = postSolution
		{06B24BC6-1E63-4B7D-AB27-47B4ADE311C9}.Debug|Any CPU.ActiveCfg = Debug|Any CPU
		{06B24BC6-1E63-4B7D-AB27-47B4ADE311C9}.Debug|Any CPU.Build.0 = Debug|Any CPU
		{06B24BC6-1E63-4B7D-AB27-47B4ADE311C9}.Release|Any CPU.ActiveCfg = Release|Any CPU
		{06B24BC6-1E63-4B7D-AB27-47B4ADE311C9}.Release|Any CPU.Build.0 = Release|Any CPU
	EndGlobalSection
	GlobalSection(SolutionProperties) = preSolution
		HideSolutionNode = FALSE
	EndGlobalSection
	GlobalSection(ExtensibilityGlobals) = postSolution
		SolutionGuid = {E3ED156C-D9C2-44CD-B1C8-6D21B53F97CA}
	EndGlobalSection
EndGlobal
