
Microsoft Visual Studio Solution File, Format Version 11.00
# Visual Studio 2010
Project("{FAE04EC0-301F-11D3-BF4B-00C04F79EFBC}") = "Gladius", "Gladius\Gladius.csproj", "{015B2288-BB08-4FCA-BC69-1024CB968FFE}"
EndProject
Project("{FAE04EC0-301F-11D3-BF4B-00C04F79EFBC}") = "CpuSkinningDataTypes (Windows)", "CpuSkinningDataTypes\CpuSkinningDataTypes (Windows).csproj", "{73AEAD46-79FA-4C9C-B8A9-0317AB2AA385}"
EndProject
Global
	GlobalSection(SolutionConfigurationPlatforms) = preSolution
		Android|Any CPU = Android|Any CPU
		Android|Mixed Platforms = Android|Mixed Platforms
		Android|x86 = Android|x86
		Android|Xbox 360 = Android|Xbox 360
		Debug|Any CPU = Debug|Any CPU
		Debug|Mixed Platforms = Debug|Mixed Platforms
		Debug|x86 = Debug|x86
		Debug|Xbox 360 = Debug|Xbox 360
		iOS|Any CPU = iOS|Any CPU
		iOS|Mixed Platforms = iOS|Mixed Platforms
		iOS|x86 = iOS|x86
		iOS|Xbox 360 = iOS|Xbox 360
		Linux|Any CPU = Linux|Any CPU
		Linux|Mixed Platforms = Linux|Mixed Platforms
		Linux|x86 = Linux|x86
		Linux|Xbox 360 = Linux|Xbox 360
		OSX|Any CPU = OSX|Any CPU
		OSX|Mixed Platforms = OSX|Mixed Platforms
		OSX|x86 = OSX|x86
		OSX|Xbox 360 = OSX|Xbox 360
		PSM|Any CPU = PSM|Any CPU
		PSM|Mixed Platforms = PSM|Mixed Platforms
		PSM|x86 = PSM|x86
		PSM|Xbox 360 = PSM|Xbox 360
		Release|Any CPU = Release|Any CPU
		Release|Mixed Platforms = Release|Mixed Platforms
		Release|x86 = Release|x86
		Release|Xbox 360 = Release|Xbox 360
		Windows|Any CPU = Windows|Any CPU
		Windows|Mixed Platforms = Windows|Mixed Platforms
		Windows|x86 = Windows|x86
		Windows|Xbox 360 = Windows|Xbox 360
		Windows8|Any CPU = Windows8|Any CPU
		Windows8|Mixed Platforms = Windows8|Mixed Platforms
		Windows8|x86 = Windows8|x86
		Windows8|Xbox 360 = Windows8|Xbox 360
	EndGlobalSection
	GlobalSection(ProjectConfigurationPlatforms) = postSolution
		{015B2288-BB08-4FCA-BC69-1024CB968FFE}.Android|Any CPU.ActiveCfg = Release|x86
		{015B2288-BB08-4FCA-BC69-1024CB968FFE}.Android|Mixed Platforms.ActiveCfg = Release|x86
		{015B2288-BB08-4FCA-BC69-1024CB968FFE}.Android|Mixed Platforms.Build.0 = Release|x86
		{015B2288-BB08-4FCA-BC69-1024CB968FFE}.Android|x86.ActiveCfg = Release|x86
		{015B2288-BB08-4FCA-BC69-1024CB968FFE}.Android|x86.Build.0 = Release|x86
		{015B2288-BB08-4FCA-BC69-1024CB968FFE}.Android|Xbox 360.ActiveCfg = Release|x86
		{015B2288-BB08-4FCA-BC69-1024CB968FFE}.Debug|Any CPU.ActiveCfg = Debug|x86
		{015B2288-BB08-4FCA-BC69-1024CB968FFE}.Debug|Mixed Platforms.ActiveCfg = Debug|x86
		{015B2288-BB08-4FCA-BC69-1024CB968FFE}.Debug|Mixed Platforms.Build.0 = Debug|x86
		{015B2288-BB08-4FCA-BC69-1024CB968FFE}.Debug|x86.ActiveCfg = Debug|x86
		{015B2288-BB08-4FCA-BC69-1024CB968FFE}.Debug|x86.Build.0 = Debug|x86
		{015B2288-BB08-4FCA-BC69-1024CB968FFE}.Debug|Xbox 360.ActiveCfg = Debug|x86
		{015B2288-BB08-4FCA-BC69-1024CB968FFE}.iOS|Any CPU.ActiveCfg = Release|x86
		{015B2288-BB08-4FCA-BC69-1024CB968FFE}.iOS|Mixed Platforms.ActiveCfg = Release|x86
		{015B2288-BB08-4FCA-BC69-1024CB968FFE}.iOS|Mixed Platforms.Build.0 = Release|x86
		{015B2288-BB08-4FCA-BC69-1024CB968FFE}.iOS|x86.ActiveCfg = Release|x86
		{015B2288-BB08-4FCA-BC69-1024CB968FFE}.iOS|x86.Build.0 = Release|x86
		{015B2288-BB08-4FCA-BC69-1024CB968FFE}.iOS|Xbox 360.ActiveCfg = Release|x86
		{015B2288-BB08-4FCA-BC69-1024CB968FFE}.Linux|Any CPU.ActiveCfg = Release|x86
		{015B2288-BB08-4FCA-BC69-1024CB968FFE}.Linux|Mixed Platforms.ActiveCfg = Release|x86
		{015B2288-BB08-4FCA-BC69-1024CB968FFE}.Linux|Mixed Platforms.Build.0 = Release|x86
		{015B2288-BB08-4FCA-BC69-1024CB968FFE}.Linux|x86.ActiveCfg = Release|x86
		{015B2288-BB08-4FCA-BC69-1024CB968FFE}.Linux|x86.Build.0 = Release|x86
		{015B2288-BB08-4FCA-BC69-1024CB968FFE}.Linux|Xbox 360.ActiveCfg = Release|x86
		{015B2288-BB08-4FCA-BC69-1024CB968FFE}.OSX|Any CPU.ActiveCfg = Release|x86
		{015B2288-BB08-4FCA-BC69-1024CB968FFE}.OSX|Mixed Platforms.ActiveCfg = Release|x86
		{015B2288-BB08-4FCA-BC69-1024CB968FFE}.OSX|Mixed Platforms.Build.0 = Release|x86
		{015B2288-BB08-4FCA-BC69-1024CB968FFE}.OSX|x86.ActiveCfg = Release|x86
		{015B2288-BB08-4FCA-BC69-1024CB968FFE}.OSX|x86.Build.0 = Release|x86
		{015B2288-BB08-4FCA-BC69-1024CB968FFE}.OSX|Xbox 360.ActiveCfg = Release|x86
		{015B2288-BB08-4FCA-BC69-1024CB968FFE}.PSM|Any CPU.ActiveCfg = Release|x86
		{015B2288-BB08-4FCA-BC69-1024CB968FFE}.PSM|Mixed Platforms.ActiveCfg = Release|x86
		{015B2288-BB08-4FCA-BC69-1024CB968FFE}.PSM|Mixed Platforms.Build.0 = Release|x86
		{015B2288-BB08-4FCA-BC69-1024CB968FFE}.PSM|x86.ActiveCfg = Release|x86
		{015B2288-BB08-4FCA-BC69-1024CB968FFE}.PSM|x86.Build.0 = Release|x86
		{015B2288-BB08-4FCA-BC69-1024CB968FFE}.PSM|Xbox 360.ActiveCfg = Release|x86
		{015B2288-BB08-4FCA-BC69-1024CB968FFE}.Release|Any CPU.ActiveCfg = Release|x86
		{015B2288-BB08-4FCA-BC69-1024CB968FFE}.Release|Mixed Platforms.ActiveCfg = Release|x86
		{015B2288-BB08-4FCA-BC69-1024CB968FFE}.Release|Mixed Platforms.Build.0 = Release|x86
		{015B2288-BB08-4FCA-BC69-1024CB968FFE}.Release|x86.ActiveCfg = Release|x86
		{015B2288-BB08-4FCA-BC69-1024CB968FFE}.Release|x86.Build.0 = Release|x86
		{015B2288-BB08-4FCA-BC69-1024CB968FFE}.Release|Xbox 360.ActiveCfg = Release|x86
		{015B2288-BB08-4FCA-BC69-1024CB968FFE}.Windows|Any CPU.ActiveCfg = Release|x86
		{015B2288-BB08-4FCA-BC69-1024CB968FFE}.Windows|Mixed Platforms.ActiveCfg = Release|x86
		{015B2288-BB08-4FCA-BC69-1024CB968FFE}.Windows|Mixed Platforms.Build.0 = Release|x86
		{015B2288-BB08-4FCA-BC69-1024CB968FFE}.Windows|x86.ActiveCfg = Debug|x86
		{015B2288-BB08-4FCA-BC69-1024CB968FFE}.Windows|x86.Build.0 = Debug|x86
		{015B2288-BB08-4FCA-BC69-1024CB968FFE}.Windows|Xbox 360.ActiveCfg = Release|x86
		{015B2288-BB08-4FCA-BC69-1024CB968FFE}.Windows8|Any CPU.ActiveCfg = Release|x86
		{015B2288-BB08-4FCA-BC69-1024CB968FFE}.Windows8|Mixed Platforms.ActiveCfg = Release|x86
		{015B2288-BB08-4FCA-BC69-1024CB968FFE}.Windows8|Mixed Platforms.Build.0 = Release|x86
		{015B2288-BB08-4FCA-BC69-1024CB968FFE}.Windows8|x86.ActiveCfg = Release|x86
		{015B2288-BB08-4FCA-BC69-1024CB968FFE}.Windows8|x86.Build.0 = Release|x86
		{015B2288-BB08-4FCA-BC69-1024CB968FFE}.Windows8|Xbox 360.ActiveCfg = Release|x86
		{73AEAD46-79FA-4C9C-B8A9-0317AB2AA385}.Android|Any CPU.ActiveCfg = Release|x86
		{73AEAD46-79FA-4C9C-B8A9-0317AB2AA385}.Android|Mixed Platforms.ActiveCfg = Release|x86
		{73AEAD46-79FA-4C9C-B8A9-0317AB2AA385}.Android|Mixed Platforms.Build.0 = Release|x86
		{73AEAD46-79FA-4C9C-B8A9-0317AB2AA385}.Android|x86.ActiveCfg = Release|x86
		{73AEAD46-79FA-4C9C-B8A9-0317AB2AA385}.Android|x86.Build.0 = Release|x86
		{73AEAD46-79FA-4C9C-B8A9-0317AB2AA385}.Android|Xbox 360.ActiveCfg = Release|x86
		{73AEAD46-79FA-4C9C-B8A9-0317AB2AA385}.Debug|Any CPU.ActiveCfg = Debug|x86
		{73AEAD46-79FA-4C9C-B8A9-0317AB2AA385}.Debug|Mixed Platforms.ActiveCfg = Debug|x86
		{73AEAD46-79FA-4C9C-B8A9-0317AB2AA385}.Debug|Mixed Platforms.Build.0 = Debug|x86
		{73AEAD46-79FA-4C9C-B8A9-0317AB2AA385}.Debug|x86.ActiveCfg = Debug|x86
		{73AEAD46-79FA-4C9C-B8A9-0317AB2AA385}.Debug|x86.Build.0 = Debug|x86
		{73AEAD46-79FA-4C9C-B8A9-0317AB2AA385}.Debug|Xbox 360.ActiveCfg = Debug|x86
		{73AEAD46-79FA-4C9C-B8A9-0317AB2AA385}.iOS|Any CPU.ActiveCfg = Release|x86
		{73AEAD46-79FA-4C9C-B8A9-0317AB2AA385}.iOS|Mixed Platforms.ActiveCfg = Release|x86
		{73AEAD46-79FA-4C9C-B8A9-0317AB2AA385}.iOS|Mixed Platforms.Build.0 = Release|x86
		{73AEAD46-79FA-4C9C-B8A9-0317AB2AA385}.iOS|x86.ActiveCfg = Release|x86
		{73AEAD46-79FA-4C9C-B8A9-0317AB2AA385}.iOS|x86.Build.0 = Release|x86
		{73AEAD46-79FA-4C9C-B8A9-0317AB2AA385}.iOS|Xbox 360.ActiveCfg = Release|x86
		{73AEAD46-79FA-4C9C-B8A9-0317AB2AA385}.Linux|Any CPU.ActiveCfg = Release|x86
		{73AEAD46-79FA-4C9C-B8A9-0317AB2AA385}.Linux|Mixed Platforms.ActiveCfg = Release|x86
		{73AEAD46-79FA-4C9C-B8A9-0317AB2AA385}.Linux|Mixed Platforms.Build.0 = Release|x86
		{73AEAD46-79FA-4C9C-B8A9-0317AB2AA385}.Linux|x86.ActiveCfg = Release|x86
		{73AEAD46-79FA-4C9C-B8A9-0317AB2AA385}.Linux|x86.Build.0 = Release|x86
		{73AEAD46-79FA-4C9C-B8A9-0317AB2AA385}.Linux|Xbox 360.ActiveCfg = Release|x86
		{73AEAD46-79FA-4C9C-B8A9-0317AB2AA385}.OSX|Any CPU.ActiveCfg = Release|x86
		{73AEAD46-79FA-4C9C-B8A9-0317AB2AA385}.OSX|Mixed Platforms.ActiveCfg = Release|x86
		{73AEAD46-79FA-4C9C-B8A9-0317AB2AA385}.OSX|Mixed Platforms.Build.0 = Release|x86
		{73AEAD46-79FA-4C9C-B8A9-0317AB2AA385}.OSX|x86.ActiveCfg = Release|x86
		{73AEAD46-79FA-4C9C-B8A9-0317AB2AA385}.OSX|x86.Build.0 = Release|x86
		{73AEAD46-79FA-4C9C-B8A9-0317AB2AA385}.OSX|Xbox 360.ActiveCfg = Release|x86
		{73AEAD46-79FA-4C9C-B8A9-0317AB2AA385}.PSM|Any CPU.ActiveCfg = Release|x86
		{73AEAD46-79FA-4C9C-B8A9-0317AB2AA385}.PSM|Mixed Platforms.ActiveCfg = Release|x86
		{73AEAD46-79FA-4C9C-B8A9-0317AB2AA385}.PSM|Mixed Platforms.Build.0 = Release|x86
		{73AEAD46-79FA-4C9C-B8A9-0317AB2AA385}.PSM|x86.ActiveCfg = Release|x86
		{73AEAD46-79FA-4C9C-B8A9-0317AB2AA385}.PSM|x86.Build.0 = Release|x86
		{73AEAD46-79FA-4C9C-B8A9-0317AB2AA385}.PSM|Xbox 360.ActiveCfg = Release|x86
		{73AEAD46-79FA-4C9C-B8A9-0317AB2AA385}.Release|Any CPU.ActiveCfg = Release|x86
		{73AEAD46-79FA-4C9C-B8A9-0317AB2AA385}.Release|Mixed Platforms.ActiveCfg = Release|x86
		{73AEAD46-79FA-4C9C-B8A9-0317AB2AA385}.Release|Mixed Platforms.Build.0 = Release|x86
		{73AEAD46-79FA-4C9C-B8A9-0317AB2AA385}.Release|x86.ActiveCfg = Release|x86
		{73AEAD46-79FA-4C9C-B8A9-0317AB2AA385}.Release|x86.Build.0 = Release|x86
		{73AEAD46-79FA-4C9C-B8A9-0317AB2AA385}.Release|Xbox 360.ActiveCfg = Release|x86
		{73AEAD46-79FA-4C9C-B8A9-0317AB2AA385}.Windows|Any CPU.ActiveCfg = Release|x86
		{73AEAD46-79FA-4C9C-B8A9-0317AB2AA385}.Windows|Mixed Platforms.ActiveCfg = Release|x86
		{73AEAD46-79FA-4C9C-B8A9-0317AB2AA385}.Windows|Mixed Platforms.Build.0 = Release|x86
		{73AEAD46-79FA-4C9C-B8A9-0317AB2AA385}.Windows|x86.ActiveCfg = Release|x86
		{73AEAD46-79FA-4C9C-B8A9-0317AB2AA385}.Windows|x86.Build.0 = Release|x86
		{73AEAD46-79FA-4C9C-B8A9-0317AB2AA385}.Windows|Xbox 360.ActiveCfg = Release|x86
		{73AEAD46-79FA-4C9C-B8A9-0317AB2AA385}.Windows8|Any CPU.ActiveCfg = Release|x86
		{73AEAD46-79FA-4C9C-B8A9-0317AB2AA385}.Windows8|Mixed Platforms.ActiveCfg = Release|x86
		{73AEAD46-79FA-4C9C-B8A9-0317AB2AA385}.Windows8|Mixed Platforms.Build.0 = Release|x86
		{73AEAD46-79FA-4C9C-B8A9-0317AB2AA385}.Windows8|x86.ActiveCfg = Release|x86
		{73AEAD46-79FA-4C9C-B8A9-0317AB2AA385}.Windows8|x86.Build.0 = Release|x86
		{73AEAD46-79FA-4C9C-B8A9-0317AB2AA385}.Windows8|Xbox 360.ActiveCfg = Release|x86
	EndGlobalSection
	GlobalSection(SolutionProperties) = preSolution
		HideSolutionNode = FALSE
	EndGlobalSection
EndGlobal
